
Microsoft Visual Studio Solution File, Format Version 12.00
# Visual Studio Version 17
VisualStudioVersion = 17.9.34728.123
MinimumVisualStudioVersion = 10.0.40219.1
Project("{FAE04EC0-301F-11D3-BF4B-00C04F79EFBC}") = "1111410001_歐修孚 031 找出含有字元的單字", "1111410001_歐修孚 031 找出含有字元的單字.csproj", "{749F5728-C43D-4824-A6AB-31F12CBD916B}"
EndProject
Global
	GlobalSection(SolutionConfigurationPlatforms) = preSolution
		Debug|Any CPU = Debug|Any CPU
		Release|Any CPU = Release|Any CPU
	EndGlobalSection
	GlobalSection(ProjectConfigurationPlatforms) = postSolution
		{749F5728-C43D-4824-A6AB-31F12CBD916B}.Debug|Any CPU.ActiveCfg = Debug|Any CPU
		{749F5728-C43D-4824-A6AB-31F12CBD916B}.Debug|Any CPU.Build.0 = Debug|Any CPU
		{749F5728-C43D-4824-A6AB-31F12CBD916B}.Release|Any CPU.ActiveCfg = Release|Any CPU
		{749F5728-C43D-4824-A6AB-31F12CBD916B}.Release|Any CPU.Build.0 = Release|Any CPU
	EndGlobalSection
	GlobalSection(SolutionProperties) = preSolution
		HideSolutionNode = FALSE
	EndGlobalSection
	GlobalSection(ExtensibilityGlobals) = postSolution
		SolutionGuid = {53A76B64-9E77-4147-897A-AF055094B4A3}
	EndGlobalSection
EndGlobal
